
Microsoft Visual Studio Solution File, Format Version 12.00
# Visual Studio 14
VisualStudioVersion = 14.0.25420.1
MinimumVisualStudioVersion = 10.0.40219.1
Project("{FAE04EC0-301F-11D3-BF4B-00C04F79EFBC}") = "XDivisasApi.Droid", "XDivisasApi\XDivisasApi.Droid\XDivisasApi.Droid.csproj", "{AFB2B439-3724-4644-89A4-1000B5B7E7A7}"
EndProject
Project("{FAE04EC0-301F-11D3-BF4B-00C04F79EFBC}") = "XDivisasApi.iOS", "XDivisasApi\XDivisasApi.iOS\XDivisasApi.iOS.csproj", "{B135DF3F-702F-42CF-9B9E-1B1EB4C09FAD}"
EndProject
Project("{FAE04EC0-301F-11D3-BF4B-00C04F79EFBC}") = "XDivisasApi.WinPhone", "XDivisasApi\XDivisasApi.WinPhone\XDivisasApi.WinPhone.csproj", "{23220571-A31F-441A-959A-439F5FF415F8}"
EndProject
Project("{FAE04EC0-301F-11D3-BF4B-00C04F79EFBC}") = "XDivisasApi.UWP", "XDivisasApi\XDivisasApi.UWP\XDivisasApi.UWP.csproj", "{5DF520C9-A827-403B-BF4D-76D3B5E202E6}"
EndProject
Project("{FAE04EC0-301F-11D3-BF4B-00C04F79EFBC}") = "XDivisasApi.Windows", "XDivisasApi\XDivisasApi.Windows\XDivisasApi.Windows.csproj", "{F112B5D0-2D59-4C50-B407-E907D8CB166F}"
EndProject
Project("{FAE04EC0-301F-11D3-BF4B-00C04F79EFBC}") = "XDivisasApi", "XDivisasApi\XDivisasApi\XDivisasApi.csproj", "{10EE82C0-5DDA-43FB-8921-BF905D30C4B4}"
EndProject
Global
	GlobalSection(SolutionConfigurationPlatforms) = preSolution
		Ad-Hoc|Any CPU = Ad-Hoc|Any CPU
		Ad-Hoc|ARM = Ad-Hoc|ARM
		Ad-Hoc|iPhone = Ad-Hoc|iPhone
		Ad-Hoc|iPhoneSimulator = Ad-Hoc|iPhoneSimulator
		Ad-Hoc|x64 = Ad-Hoc|x64
		Ad-Hoc|x86 = Ad-Hoc|x86
		AppStore|Any CPU = AppStore|Any CPU
		AppStore|ARM = AppStore|ARM
		AppStore|iPhone = AppStore|iPhone
		AppStore|iPhoneSimulator = AppStore|iPhoneSimulator
		AppStore|x64 = AppStore|x64
		AppStore|x86 = AppStore|x86
		Debug|Any CPU = Debug|Any CPU
		Debug|ARM = Debug|ARM
		Debug|iPhone = Debug|iPhone
		Debug|iPhoneSimulator = Debug|iPhoneSimulator
		Debug|x64 = Debug|x64
		Debug|x86 = Debug|x86
		Release|Any CPU = Release|Any CPU
		Release|ARM = Release|ARM
		Release|iPhone = Release|iPhone
		Release|iPhoneSimulator = Release|iPhoneSimulator
		Release|x64 = Release|x64
		Release|x86 = Release|x86
	EndGlobalSection
	GlobalSection(ProjectConfigurationPlatforms) = postSolution
		{AFB2B439-3724-4644-89A4-1000B5B7E7A7}.Ad-Hoc|Any CPU.ActiveCfg = Release|Any CPU
		{AFB2B439-3724-4644-89A4-1000B5B7E7A7}.Ad-Hoc|Any CPU.Build.0 = Release|Any CPU
		{AFB2B439-3724-4644-89A4-1000B5B7E7A7}.Ad-Hoc|Any CPU.Deploy.0 = Release|Any CPU
		{AFB2B439-3724-4644-89A4-1000B5B7E7A7}.Ad-Hoc|ARM.ActiveCfg = Release|Any CPU
		{AFB2B439-3724-4644-89A4-1000B5B7E7A7}.Ad-Hoc|ARM.Build.0 = Release|Any CPU
		{AFB2B439-3724-4644-89A4-1000B5B7E7A7}.Ad-Hoc|ARM.Deploy.0 = Release|Any CPU
		{AFB2B439-3724-4644-89A4-1000B5B7E7A7}.Ad-Hoc|iPhone.ActiveCfg = Release|Any CPU
		{AFB2B439-3724-4644-89A4-1000B5B7E7A7}.Ad-Hoc|iPhone.Build.0 = Release|Any CPU
		{AFB2B439-3724-4644-89A4-1000B5B7E7A7}.Ad-Hoc|iPhone.Deploy.0 = Release|Any CPU
		{AFB2B439-3724-4644-89A4-1000B5B7E7A7}.Ad-Hoc|iPhoneSimulator.ActiveCfg = Release|Any CPU
		{AFB2B439-3724-4644-89A4-1000B5B7E7A7}.Ad-Hoc|iPhoneSimulator.Build.0 = Release|Any CPU
		{AFB2B439-3724-4644-89A4-1000B5B7E7A7}.Ad-Hoc|iPhoneSimulator.Deploy.0 = Release|Any CPU
		{AFB2B439-3724-4644-89A4-1000B5B7E7A7}.Ad-Hoc|x64.ActiveCfg = Release|Any CPU
		{AFB2B439-3724-4644-89A4-1000B5B7E7A7}.Ad-Hoc|x64.Build.0 = Release|Any CPU
		{AFB2B439-3724-4644-89A4-1000B5B7E7A7}.Ad-Hoc|x64.Deploy.0 = Release|Any CPU
		{AFB2B439-3724-4644-89A4-1000B5B7E7A7}.Ad-Hoc|x86.ActiveCfg = Release|Any CPU
		{AFB2B439-3724-4644-89A4-1000B5B7E7A7}.Ad-Hoc|x86.Build.0 = Release|Any CPU
		{AFB2B439-3724-4644-89A4-1000B5B7E7A7}.Ad-Hoc|x86.Deploy.0 = Release|Any CPU
		{AFB2B439-3724-4644-89A4-1000B5B7E7A7}.AppStore|Any CPU.ActiveCfg = Release|Any CPU
		{AFB2B439-3724-4644-89A4-1000B5B7E7A7}.AppStore|Any CPU.Build.0 = Release|Any CPU
		{AFB2B439-3724-4644-89A4-1000B5B7E7A7}.AppStore|Any CPU.Deploy.0 = Release|Any CPU
		{AFB2B439-3724-4644-89A4-1000B5B7E7A7}.AppStore|ARM.ActiveCfg = Release|Any CPU
		{AFB2B439-3724-4644-89A4-1000B5B7E7A7}.AppStore|ARM.Build.0 = Release|Any CPU
		{AFB2B439-3724-4644-89A4-1000B5B7E7A7}.AppStore|ARM.Deploy.0 = Release|Any CPU
		{AFB2B439-3724-4644-89A4-1000B5B7E7A7}.AppStore|iPhone.ActiveCfg = Release|Any CPU
		{AFB2B439-3724-4644-89A4-1000B5B7E7A7}.AppStore|iPhone.Build.0 = Release|Any CPU
		{AFB2B439-3724-4644-89A4-1000B5B7E7A7}.AppStore|iPhone.Deploy.0 = Release|Any CPU
		{AFB2B439-3724-4644-89A4-1000B5B7E7A7}.AppStore|iPhoneSimulator.ActiveCfg = Release|Any CPU
		{AFB2B439-3724-4644-89A4-1000B5B7E7A7}.AppStore|iPhoneSimulator.Build.0 = Release|Any CPU
		{AFB2B439-3724-4644-89A4-1000B5B7E7A7}.AppStore|iPhoneSimulator.Deploy.0 = Release|Any CPU
		{AFB2B439-3724-4644-89A4-1000B5B7E7A7}.AppStore|x64.ActiveCfg = Release|Any CPU
		{AFB2B439-3724-4644-89A4-1000B5B7E7A7}.AppStore|x64.Build.0 = Release|Any CPU
		{AFB2B439-3724-4644-89A4-1000B5B7E7A7}.AppStore|x64.Deploy.0 = Release|Any CPU
		{AFB2B439-3724-4644-89A4-1000B5B7E7A7}.AppStore|x86.ActiveCfg = Release|Any CPU
		{AFB2B439-3724-4644-89A4-1000B5B7E7A7}.AppStore|x86.Build.0 = Release|Any CPU
		{AFB2B439-3724-4644-89A4-1000B5B7E7A7}.AppStore|x86.Deploy.0 = Release|Any CPU
		{AFB2B439-3724-4644-89A4-1000B5B7E7A7}.Debug|Any CPU.ActiveCfg = Debug|Any CPU
		{AFB2B439-3724-4644-89A4-1000B5B7E7A7}.Debug|Any CPU.Build.0 = Debug|Any CPU
		{AFB2B439-3724-4644-89A4-1000B5B7E7A7}.Debug|Any CPU.Deploy.0 = Debug|Any CPU
		{AFB2B439-3724-4644-89A4-1000B5B7E7A7}.Debug|ARM.ActiveCfg = Debug|Any CPU
		{AFB2B439-3724-4644-89A4-1000B5B7E7A7}.Debug|ARM.Build.0 = Debug|Any CPU
		{AFB2B439-3724-4644-89A4-1000B5B7E7A7}.Debug|ARM.Deploy.0 = Debug|Any CPU
		{AFB2B439-3724-4644-89A4-1000B5B7E7A7}.Debug|iPhone.ActiveCfg = Debug|Any CPU
		{AFB2B439-3724-4644-89A4-1000B5B7E7A7}.Debug|iPhone.Build.0 = Debug|Any CPU
		{AFB2B439-3724-4644-89A4-1000B5B7E7A7}.Debug|iPhone.Deploy.0 = Debug|Any CPU
		{AFB2B439-3724-4644-89A4-1000B5B7E7A7}.Debug|iPhoneSimulator.ActiveCfg = Debug|Any CPU
		{AFB2B439-3724-4644-89A4-1000B5B7E7A7}.Debug|iPhoneSimulator.Build.0 = Debug|Any CPU
		{AFB2B439-3724-4644-89A4-1000B5B7E7A7}.Debug|iPhoneSimulator.Deploy.0 = Debug|Any CPU
		{AFB2B439-3724-4644-89A4-1000B5B7E7A7}.Debug|x64.ActiveCfg = Debug|Any CPU
		{AFB2B439-3724-4644-89A4-1000B5B7E7A7}.Debug|x64.Build.0 = Debug|Any CPU
		{AFB2B439-3724-4644-89A4-1000B5B7E7A7}.Debug|x64.Deploy.0 = Debug|Any CPU
		{AFB2B439-3724-4644-89A4-1000B5B7E7A7}.Debug|x86.ActiveCfg = Debug|Any CPU
		{AFB2B439-3724-4644-89A4-1000B5B7E7A7}.Debug|x86.Build.0 = Debug|Any CPU
		{AFB2B439-3724-4644-89A4-1000B5B7E7A7}.Debug|x86.Deploy.0 = Debug|Any CPU
		{AFB2B439-3724-4644-89A4-1000B5B7E7A7}.Release|Any CPU.ActiveCfg = Release|Any CPU
		{AFB2B439-3724-4644-89A4-1000B5B7E7A7}.Release|Any CPU.Build.0 = Release|Any CPU
		{AFB2B439-3724-4644-89A4-1000B5B7E7A7}.Release|Any CPU.Deploy.0 = Release|Any CPU
		{AFB2B439-3724-4644-89A4-1000B5B7E7A7}.Release|ARM.ActiveCfg = Release|Any CPU
		{AFB2B439-3724-4644-89A4-1000B5B7E7A7}.Release|ARM.Build.0 = Release|Any CPU
		{AFB2B439-3724-4644-89A4-1000B5B7E7A7}.Release|ARM.Deploy.0 = Release|Any CPU
		{AFB2B439-3724-4644-89A4-1000B5B7E7A7}.Release|iPhone.ActiveCfg = Release|Any CPU
		{AFB2B439-3724-4644-89A4-1000B5B7E7A7}.Release|iPhone.Build.0 = Release|Any CPU
		{AFB2B439-3724-4644-89A4-1000B5B7E7A7}.Release|iPhone.Deploy.0 = Release|Any CPU
		{AFB2B439-3724-4644-89A4-1000B5B7E7A7}.Release|iPhoneSimulator.ActiveCfg = Release|Any CPU
		{AFB2B439-3724-4644-89A4-1000B5B7E7A7}.Release|iPhoneSimulator.Build.0 = Release|Any CPU
		{AFB2B439-3724-4644-89A4-1000B5B7E7A7}.Release|iPhoneSimulator.Deploy.0 = Release|Any CPU
		{AFB2B439-3724-4644-89A4-1000B5B7E7A7}.Release|x64.ActiveCfg = Release|Any CPU
		{AFB2B439-3724-4644-89A4-1000B5B7E7A7}.Release|x64.Build.0 = Release|Any CPU
		{AFB2B439-3724-4644-89A4-1000B5B7E7A7}.Release|x64.Deploy.0 = Release|Any CPU
		{AFB2B439-3724-4644-89A4-1000B5B7E7A7}.Release|x86.ActiveCfg = Release|Any CPU
		{AFB2B439-3724-4644-89A4-1000B5B7E7A7}.Release|x86.Build.0 = Release|Any CPU
		{AFB2B439-3724-4644-89A4-1000B5B7E7A7}.Release|x86.Deploy.0 = Release|Any CPU
		{B135DF3F-702F-42CF-9B9E-1B1EB4C09FAD}.Ad-Hoc|Any CPU.ActiveCfg = Ad-Hoc|iPhone
		{B135DF3F-702F-42CF-9B9E-1B1EB4C09FAD}.Ad-Hoc|ARM.ActiveCfg = Ad-Hoc|iPhone
		{B135DF3F-702F-42CF-9B9E-1B1EB4C09FAD}.Ad-Hoc|iPhone.ActiveCfg = Ad-Hoc|iPhone
		{B135DF3F-702F-42CF-9B9E-1B1EB4C09FAD}.Ad-Hoc|iPhone.Build.0 = Ad-Hoc|iPhone
		{B135DF3F-702F-42CF-9B9E-1B1EB4C09FAD}.Ad-Hoc|iPhoneSimulator.ActiveCfg = Ad-Hoc|iPhoneSimulator
		{B135DF3F-702F-42CF-9B9E-1B1EB4C09FAD}.Ad-Hoc|iPhoneSimulator.Build.0 = Ad-Hoc|iPhoneSimulator
		{B135DF3F-702F-42CF-9B9E-1B1EB4C09FAD}.Ad-Hoc|x64.ActiveCfg = Ad-Hoc|iPhone
		{B135DF3F-702F-42CF-9B9E-1B1EB4C09FAD}.Ad-Hoc|x86.ActiveCfg = Ad-Hoc|iPhone
		{B135DF3F-702F-42CF-9B9E-1B1EB4C09FAD}.AppStore|Any CPU.ActiveCfg = AppStore|iPhone
		{B135DF3F-702F-42CF-9B9E-1B1EB4C09FAD}.AppStore|ARM.ActiveCfg = AppStore|iPhone
		{B135DF3F-702F-42CF-9B9E-1B1EB4C09FAD}.AppStore|iPhone.ActiveCfg = AppStore|iPhone
		{B135DF3F-702F-42CF-9B9E-1B1EB4C09FAD}.AppStore|iPhone.Build.0 = AppStore|iPhone
		{B135DF3F-702F-42CF-9B9E-1B1EB4C09FAD}.AppStore|iPhoneSimulator.ActiveCfg = AppStore|iPhoneSimulator
		{B135DF3F-702F-42CF-9B9E-1B1EB4C09FAD}.AppStore|iPhoneSimulator.Build.0 = AppStore|iPhoneSimulator
		{B135DF3F-702F-42CF-9B9E-1B1EB4C09FAD}.AppStore|x64.ActiveCfg = AppStore|iPhone
		{B135DF3F-702F-42CF-9B9E-1B1EB4C09FAD}.AppStore|x86.ActiveCfg = AppStore|iPhone
		{B135DF3F-702F-42CF-9B9E-1B1EB4C09FAD}.Debug|Any CPU.ActiveCfg = Debug|iPhone
		{B135DF3F-702F-42CF-9B9E-1B1EB4C09FAD}.Debug|ARM.ActiveCfg = Debug|iPhone
		{B135DF3F-702F-42CF-9B9E-1B1EB4C09FAD}.Debug|iPhone.ActiveCfg = Debug|iPhone
		{B135DF3F-702F-42CF-9B9E-1B1EB4C09FAD}.Debug|iPhone.Build.0 = Debug|iPhone
		{B135DF3F-702F-42CF-9B9E-1B1EB4C09FAD}.Debug|iPhoneSimulator.ActiveCfg = Debug|iPhoneSimulator
		{B135DF3F-702F-42CF-9B9E-1B1EB4C09FAD}.Debug|iPhoneSimulator.Build.0 = Debug|iPhoneSimulator
		{B135DF3F-702F-42CF-9B9E-1B1EB4C09FAD}.Debug|x64.ActiveCfg = Debug|iPhone
		{B135DF3F-702F-42CF-9B9E-1B1EB4C09FAD}.Debug|x86.ActiveCfg = Debug|iPhone
		{B135DF3F-702F-42CF-9B9E-1B1EB4C09FAD}.Release|Any CPU.ActiveCfg = Release|iPhone
		{B135DF3F-702F-42CF-9B9E-1B1EB4C09FAD}.Release|ARM.ActiveCfg = Release|iPhone
		{B135DF3F-702F-42CF-9B9E-1B1EB4C09FAD}.Release|iPhone.ActiveCfg = Release|iPhone
		{B135DF3F-702F-42CF-9B9E-1B1EB4C09FAD}.Release|iPhone.Build.0 = Release|iPhone
		{B135DF3F-702F-42CF-9B9E-1B1EB4C09FAD}.Release|iPhoneSimulator.ActiveCfg = Release|iPhoneSimulator
		{B135DF3F-702F-42CF-9B9E-1B1EB4C09FAD}.Release|iPhoneSimulator.Build.0 = Release|iPhoneSimulator
		{B135DF3F-702F-42CF-9B9E-1B1EB4C09FAD}.Release|x64.ActiveCfg = Release|iPhone
		{B135DF3F-702F-42CF-9B9E-1B1EB4C09FAD}.Release|x86.ActiveCfg = Release|iPhone
		{23220571-A31F-441A-959A-439F5FF415F8}.Ad-Hoc|Any CPU.ActiveCfg = Release|Any CPU
		{23220571-A31F-441A-959A-439F5FF415F8}.Ad-Hoc|Any CPU.Build.0 = Release|Any CPU
		{23220571-A31F-441A-959A-439F5FF415F8}.Ad-Hoc|Any CPU.Deploy.0 = Release|Any CPU
		{23220571-A31F-441A-959A-439F5FF415F8}.Ad-Hoc|ARM.ActiveCfg = Release|ARM
		{23220571-A31F-441A-959A-439F5FF415F8}.Ad-Hoc|ARM.Build.0 = Release|ARM
		{23220571-A31F-441A-959A-439F5FF415F8}.Ad-Hoc|ARM.Deploy.0 = Release|ARM
		{23220571-A31F-441A-959A-439F5FF415F8}.Ad-Hoc|iPhone.ActiveCfg = Release|Any CPU
		{23220571-A31F-441A-959A-439F5FF415F8}.Ad-Hoc|iPhone.Build.0 = Release|Any CPU
		{23220571-A31F-441A-959A-439F5FF415F8}.Ad-Hoc|iPhone.Deploy.0 = Release|Any CPU
		{23220571-A31F-441A-959A-439F5FF415F8}.Ad-Hoc|iPhoneSimulator.ActiveCfg = Release|Any CPU
		{23220571-A31F-441A-959A-439F5FF415F8}.Ad-Hoc|iPhoneSimulator.Build.0 = Release|Any CPU
		{23220571-A31F-441A-959A-439F5FF415F8}.Ad-Hoc|iPhoneSimulator.Deploy.0 = Release|Any CPU
		{23220571-A31F-441A-959A-439F5FF415F8}.Ad-Hoc|x64.ActiveCfg = Release|Any CPU
		{23220571-A31F-441A-959A-439F5FF415F8}.Ad-Hoc|x64.Build.0 = Release|Any CPU
		{23220571-A31F-441A-959A-439F5FF415F8}.Ad-Hoc|x64.Deploy.0 = Release|Any CPU
		{23220571-A31F-441A-959A-439F5FF415F8}.Ad-Hoc|x86.ActiveCfg = Release|x86
		{23220571-A31F-441A-959A-439F5FF415F8}.Ad-Hoc|x86.Build.0 = Release|x86
		{23220571-A31F-441A-959A-439F5FF415F8}.Ad-Hoc|x86.Deploy.0 = Release|x86
		{23220571-A31F-441A-959A-439F5FF415F8}.AppStore|Any CPU.ActiveCfg = Release|Any CPU
		{23220571-A31F-441A-959A-439F5FF415F8}.AppStore|Any CPU.Build.0 = Release|Any CPU
		{23220571-A31F-441A-959A-439F5FF415F8}.AppStore|Any CPU.Deploy.0 = Release|Any CPU
		{23220571-A31F-441A-959A-439F5FF415F8}.AppStore|ARM.ActiveCfg = Release|ARM
		{23220571-A31F-441A-959A-439F5FF415F8}.AppStore|ARM.Build.0 = Release|ARM
		{23220571-A31F-441A-959A-439F5FF415F8}.AppStore|ARM.Deploy.0 = Release|ARM
		{23220571-A31F-441A-959A-439F5FF415F8}.AppStore|iPhone.ActiveCfg = Release|Any CPU
		{23220571-A31F-441A-959A-439F5FF415F8}.AppStore|iPhone.Build.0 = Release|Any CPU
		{23220571-A31F-441A-959A-439F5FF415F8}.AppStore|iPhone.Deploy.0 = Release|Any CPU
		{23220571-A31F-441A-959A-439F5FF415F8}.AppStore|iPhoneSimulator.ActiveCfg = Release|Any CPU
		{23220571-A31F-441A-959A-439F5FF415F8}.AppStore|iPhoneSimulator.Build.0 = Release|Any CPU
		{23220571-A31F-441A-959A-439F5FF415F8}.AppStore|iPhoneSimulator.Deploy.0 = Release|Any CPU
		{23220571-A31F-441A-959A-439F5FF415F8}.AppStore|x64.ActiveCfg = Release|Any CPU
		{23220571-A31F-441A-959A-439F5FF415F8}.AppStore|x64.Build.0 = Release|Any CPU
		{23220571-A31F-441A-959A-439F5FF415F8}.AppStore|x64.Deploy.0 = Release|Any CPU
		{23220571-A31F-441A-959A-439F5FF415F8}.AppStore|x86.ActiveCfg = Release|x86
		{23220571-A31F-441A-959A-439F5FF415F8}.AppStore|x86.Build.0 = Release|x86
		{23220571-A31F-441A-959A-439F5FF415F8}.AppStore|x86.Deploy.0 = Release|x86
		{23220571-A31F-441A-959A-439F5FF415F8}.Debug|Any CPU.ActiveCfg = Debug|Any CPU
		{23220571-A31F-441A-959A-439F5FF415F8}.Debug|Any CPU.Build.0 = Debug|Any CPU
		{23220571-A31F-441A-959A-439F5FF415F8}.Debug|Any CPU.Deploy.0 = Debug|Any CPU
		{23220571-A31F-441A-959A-439F5FF415F8}.Debug|ARM.ActiveCfg = Debug|ARM
		{23220571-A31F-441A-959A-439F5FF415F8}.Debug|ARM.Build.0 = Debug|ARM
		{23220571-A31F-441A-959A-439F5FF415F8}.Debug|ARM.Deploy.0 = Debug|ARM
		{23220571-A31F-441A-959A-439F5FF415F8}.Debug|iPhone.ActiveCfg = Debug|Any CPU
		{23220571-A31F-441A-959A-439F5FF415F8}.Debug|iPhone.Build.0 = Debug|Any CPU
		{23220571-A31F-441A-959A-439F5FF415F8}.Debug|iPhone.Deploy.0 = Debug|Any CPU
		{23220571-A31F-441A-959A-439F5FF415F8}.Debug|iPhoneSimulator.ActiveCfg = Debug|Any CPU
		{23220571-A31F-441A-959A-439F5FF415F8}.Debug|iPhoneSimulator.Build.0 = Debug|Any CPU
		{23220571-A31F-441A-959A-439F5FF415F8}.Debug|iPhoneSimulator.Deploy.0 = Debug|Any CPU
		{23220571-A31F-441A-959A-439F5FF415F8}.Debug|x64.ActiveCfg = Debug|Any CPU
		{23220571-A31F-441A-959A-439F5FF415F8}.Debug|x64.Build.0 = Debug|Any CPU
		{23220571-A31F-441A-959A-439F5FF415F8}.Debug|x64.Deploy.0 = Debug|Any CPU
		{23220571-A31F-441A-959A-439F5FF415F8}.Debug|x86.ActiveCfg = Debug|x86
		{23220571-A31F-441A-959A-439F5FF415F8}.Debug|x86.Build.0 = Debug|x86
		{23220571-A31F-441A-959A-439F5FF415F8}.Debug|x86.Deploy.0 = Debug|x86
		{23220571-A31F-441A-959A-439F5FF415F8}.Release|Any CPU.ActiveCfg = Release|Any CPU
		{23220571-A31F-441A-959A-439F5FF415F8}.Release|Any CPU.Build.0 = Release|Any CPU
		{23220571-A31F-441A-959A-439F5FF415F8}.Release|Any CPU.Deploy.0 = Release|Any CPU
		{23220571-A31F-441A-959A-439F5FF415F8}.Release|ARM.ActiveCfg = Release|ARM
		{23220571-A31F-441A-959A-439F5FF415F8}.Release|ARM.Build.0 = Release|ARM
		{23220571-A31F-441A-959A-439F5FF415F8}.Release|ARM.Deploy.0 = Release|ARM
		{23220571-A31F-441A-959A-439F5FF415F8}.Release|iPhone.ActiveCfg = Release|Any CPU
		{23220571-A31F-441A-959A-439F5FF415F8}.Release|iPhone.Build.0 = Release|Any CPU
		{23220571-A31F-441A-959A-439F5FF415F8}.Release|iPhone.Deploy.0 = Release|Any CPU
		{23220571-A31F-441A-959A-439F5FF415F8}.Release|iPhoneSimulator.ActiveCfg = Release|Any CPU
		{23220571-A31F-441A-959A-439F5FF415F8}.Release|iPhoneSimulator.Build.0 = Release|Any CPU
		{23220571-A31F-441A-959A-439F5FF415F8}.Release|iPhoneSimulator.Deploy.0 = Release|Any CPU
		{23220571-A31F-441A-959A-439F5FF415F8}.Release|x64.ActiveCfg = Release|Any CPU
		{23220571-A31F-441A-959A-439F5FF415F8}.Release|x64.Build.0 = Release|Any CPU
		{23220571-A31F-441A-959A-439F5FF415F8}.Release|x64.Deploy.0 = Release|Any CPU
		{23220571-A31F-441A-959A-439F5FF415F8}.Release|x86.ActiveCfg = Release|x86
		{23220571-A31F-441A-959A-439F5FF415F8}.Release|x86.Build.0 = Release|x86
		{23220571-A31F-441A-959A-439F5FF415F8}.Release|x86.Deploy.0 = Release|x86
		{5DF520C9-A827-403B-BF4D-76D3B5E202E6}.Ad-Hoc|Any CPU.ActiveCfg = Release|x86
		{5DF520C9-A827-403B-BF4D-76D3B5E202E6}.Ad-Hoc|Any CPU.Build.0 = Release|x86
		{5DF520C9-A827-403B-BF4D-76D3B5E202E6}.Ad-Hoc|Any CPU.Deploy.0 = Release|x86
		{5DF520C9-A827-403B-BF4D-76D3B5E202E6}.Ad-Hoc|ARM.ActiveCfg = Release|ARM
		{5DF520C9-A827-403B-BF4D-76D3B5E202E6}.Ad-Hoc|ARM.Build.0 = Release|ARM
		{5DF520C9-A827-403B-BF4D-76D3B5E202E6}.Ad-Hoc|ARM.Deploy.0 = Release|ARM
		{5DF520C9-A827-403B-BF4D-76D3B5E202E6}.Ad-Hoc|iPhone.ActiveCfg = Release|x86
		{5DF520C9-A827-403B-BF4D-76D3B5E202E6}.Ad-Hoc|iPhone.Build.0 = Release|x86
		{5DF520C9-A827-403B-BF4D-76D3B5E202E6}.Ad-Hoc|iPhone.Deploy.0 = Release|x86
		{5DF520C9-A827-403B-BF4D-76D3B5E202E6}.Ad-Hoc|iPhoneSimulator.ActiveCfg = Release|x86
		{5DF520C9-A827-403B-BF4D-76D3B5E202E6}.Ad-Hoc|iPhoneSimulator.Build.0 = Release|x86
		{5DF520C9-A827-403B-BF4D-76D3B5E202E6}.Ad-Hoc|iPhoneSimulator.Deploy.0 = Release|x86
		{5DF520C9-A827-403B-BF4D-76D3B5E202E6}.Ad-Hoc|x64.ActiveCfg = Release|x64
		{5DF520C9-A827-403B-BF4D-76D3B5E202E6}.Ad-Hoc|x64.Build.0 = Release|x64
		{5DF520C9-A827-403B-BF4D-76D3B5E202E6}.Ad-Hoc|x64.Deploy.0 = Release|x64
		{5DF520C9-A827-403B-BF4D-76D3B5E202E6}.Ad-Hoc|x86.ActiveCfg = Release|x86
		{5DF520C9-A827-403B-BF4D-76D3B5E202E6}.Ad-Hoc|x86.Build.0 = Release|x86
		{5DF520C9-A827-403B-BF4D-76D3B5E202E6}.Ad-Hoc|x86.Deploy.0 = Release|x86
		{5DF520C9-A827-403B-BF4D-76D3B5E202E6}.AppStore|Any CPU.ActiveCfg = Release|x86
		{5DF520C9-A827-403B-BF4D-76D3B5E202E6}.AppStore|Any CPU.Build.0 = Release|x86
		{5DF520C9-A827-403B-BF4D-76D3B5E202E6}.AppStore|Any CPU.Deploy.0 = Release|x86
		{5DF520C9-A827-403B-BF4D-76D3B5E202E6}.AppStore|ARM.ActiveCfg = Release|ARM
		{5DF520C9-A827-403B-BF4D-76D3B5E202E6}.AppStore|ARM.Build.0 = Release|ARM
		{5DF520C9-A827-403B-BF4D-76D3B5E202E6}.AppStore|ARM.Deploy.0 = Release|ARM
		{5DF520C9-A827-403B-BF4D-76D3B5E202E6}.AppStore|iPhone.ActiveCfg = Release|x86
		{5DF520C9-A827-403B-BF4D-76D3B5E202E6}.AppStore|iPhone.Build.0 = Release|x86
		{5DF520C9-A827-403B-BF4D-76D3B5E202E6}.AppStore|iPhone.Deploy.0 = Release|x86
		{5DF520C9-A827-403B-BF4D-76D3B5E202E6}.AppStore|iPhoneSimulator.ActiveCfg = Release|x86
		{5DF520C9-A827-403B-BF4D-76D3B5E202E6}.AppStore|iPhoneSimulator.Build.0 = Release|x86
		{5DF520C9-A827-403B-BF4D-76D3B5E202E6}.AppStore|iPhoneSimulator.Deploy.0 = Release|x86
		{5DF520C9-A827-403B-BF4D-76D3B5E202E6}.AppStore|x64.ActiveCfg = Release|x64
		{5DF520C9-A827-403B-BF4D-76D3B5E202E6}.AppStore|x64.Build.0 = Release|x64
		{5DF520C9-A827-403B-BF4D-76D3B5E202E6}.AppStore|x64.Deploy.0 = Release|x64
		{5DF520C9-A827-403B-BF4D-76D3B5E202E6}.AppStore|x86.ActiveCfg = Release|x86
		{5DF520C9-A827-403B-BF4D-76D3B5E202E6}.AppStore|x86.Build.0 = Release|x86
		{5DF520C9-A827-403B-BF4D-76D3B5E202E6}.AppStore|x86.Deploy.0 = Release|x86
		{5DF520C9-A827-403B-BF4D-76D3B5E202E6}.Debug|Any CPU.ActiveCfg = Debug|x86
		{5DF520C9-A827-403B-BF4D-76D3B5E202E6}.Debug|ARM.ActiveCfg = Debug|ARM
		{5DF520C9-A827-403B-BF4D-76D3B5E202E6}.Debug|ARM.Build.0 = Debug|ARM
		{5DF520C9-A827-403B-BF4D-76D3B5E202E6}.Debug|ARM.Deploy.0 = Debug|ARM
		{5DF520C9-A827-403B-BF4D-76D3B5E202E6}.Debug|iPhone.ActiveCfg = Debug|x86
		{5DF520C9-A827-403B-BF4D-76D3B5E202E6}.Debug|iPhoneSimulator.ActiveCfg = Debug|x86
		{5DF520C9-A827-403B-BF4D-76D3B5E202E6}.Debug|x64.ActiveCfg = Debug|x64
		{5DF520C9-A827-403B-BF4D-76D3B5E202E6}.Debug|x64.Build.0 = Debug|x64
		{5DF520C9-A827-403B-BF4D-76D3B5E202E6}.Debug|x64.Deploy.0 = Debug|x64
		{5DF520C9-A827-403B-BF4D-76D3B5E202E6}.Debug|x86.ActiveCfg = Debug|x86
		{5DF520C9-A827-403B-BF4D-76D3B5E202E6}.Debug|x86.Build.0 = Debug|x86
		{5DF520C9-A827-403B-BF4D-76D3B5E202E6}.Debug|x86.Deploy.0 = Debug|x86
		{5DF520C9-A827-403B-BF4D-76D3B5E202E6}.Release|Any CPU.ActiveCfg = Release|x86
		{5DF520C9-A827-403B-BF4D-76D3B5E202E6}.Release|ARM.ActiveCfg = Release|ARM
		{5DF520C9-A827-403B-BF4D-76D3B5E202E6}.Release|ARM.Build.0 = Release|ARM
		{5DF520C9-A827-403B-BF4D-76D3B5E202E6}.Release|ARM.Deploy.0 = Release|ARM
		{5DF520C9-A827-403B-BF4D-76D3B5E202E6}.Release|iPhone.ActiveCfg = Release|x86
		{5DF520C9-A827-403B-BF4D-76D3B5E202E6}.Release|iPhoneSimulator.ActiveCfg = Release|x86
		{5DF520C9-A827-403B-BF4D-76D3B5E202E6}.Release|x64.ActiveCfg = Release|x64
		{5DF520C9-A827-403B-BF4D-76D3B5E202E6}.Release|x64.Build.0 = Release|x64
		{5DF520C9-A827-403B-BF4D-76D3B5E202E6}.Release|x64.Deploy.0 = Release|x64
		{5DF520C9-A827-403B-BF4D-76D3B5E202E6}.Release|x86.ActiveCfg = Release|x86
		{5DF520C9-A827-403B-BF4D-76D3B5E202E6}.Release|x86.Build.0 = Release|x86
		{5DF520C9-A827-403B-BF4D-76D3B5E202E6}.Release|x86.Deploy.0 = Release|x86
		{F112B5D0-2D59-4C50-B407-E907D8CB166F}.Ad-Hoc|Any CPU.ActiveCfg = Release|Any CPU
		{F112B5D0-2D59-4C50-B407-E907D8CB166F}.Ad-Hoc|Any CPU.Build.0 = Release|Any CPU
		{F112B5D0-2D59-4C50-B407-E907D8CB166F}.Ad-Hoc|Any CPU.Deploy.0 = Release|Any CPU
		{F112B5D0-2D59-4C50-B407-E907D8CB166F}.Ad-Hoc|ARM.ActiveCfg = Release|ARM
		{F112B5D0-2D59-4C50-B407-E907D8CB166F}.Ad-Hoc|ARM.Build.0 = Release|ARM
		{F112B5D0-2D59-4C50-B407-E907D8CB166F}.Ad-Hoc|ARM.Deploy.0 = Release|ARM
		{F112B5D0-2D59-4C50-B407-E907D8CB166F}.Ad-Hoc|iPhone.ActiveCfg = Release|Any CPU
		{F112B5D0-2D59-4C50-B407-E907D8CB166F}.Ad-Hoc|iPhone.Build.0 = Release|Any CPU
		{F112B5D0-2D59-4C50-B407-E907D8CB166F}.Ad-Hoc|iPhone.Deploy.0 = Release|Any CPU
		{F112B5D0-2D59-4C50-B407-E907D8CB166F}.Ad-Hoc|iPhoneSimulator.ActiveCfg = Release|Any CPU
		{F112B5D0-2D59-4C50-B407-E907D8CB166F}.Ad-Hoc|iPhoneSimulator.Build.0 = Release|Any CPU
		{F112B5D0-2D59-4C50-B407-E907D8CB166F}.Ad-Hoc|iPhoneSimulator.Deploy.0 = Release|Any CPU
		{F112B5D0-2D59-4C50-B407-E907D8CB166F}.Ad-Hoc|x64.ActiveCfg = Release|x64
		{F112B5D0-2D59-4C50-B407-E907D8CB166F}.Ad-Hoc|x64.Build.0 = Release|x64
		{F112B5D0-2D59-4C50-B407-E907D8CB166F}.Ad-Hoc|x64.Deploy.0 = Release|x64
		{F112B5D0-2D59-4C50-B407-E907D8CB166F}.Ad-Hoc|x86.ActiveCfg = Release|x86
		{F112B5D0-2D59-4C50-B407-E907D8CB166F}.Ad-Hoc|x86.Build.0 = Release|x86
		{F112B5D0-2D59-4C50-B407-E907D8CB166F}.Ad-Hoc|x86.Deploy.0 = Release|x86
		{F112B5D0-2D59-4C50-B407-E907D8CB166F}.AppStore|Any CPU.ActiveCfg = Release|Any CPU
		{F112B5D0-2D59-4C50-B407-E907D8CB166F}.AppStore|Any CPU.Build.0 = Release|Any CPU
		{F112B5D0-2D59-4C50-B407-E907D8CB166F}.AppStore|Any CPU.Deploy.0 = Release|Any CPU
		{F112B5D0-2D59-4C50-B407-E907D8CB166F}.AppStore|ARM.ActiveCfg = Release|ARM
		{F112B5D0-2D59-4C50-B407-E907D8CB166F}.AppStore|ARM.Build.0 = Release|ARM
		{F112B5D0-2D59-4C50-B407-E907D8CB166F}.AppStore|ARM.Deploy.0 = Release|ARM
		{F112B5D0-2D59-4C50-B407-E907D8CB166F}.AppStore|iPhone.ActiveCfg = Release|Any CPU
		{F112B5D0-2D59-4C50-B407-E907D8CB166F}.AppStore|iPhone.Build.0 = Release|Any CPU
		{F112B5D0-2D59-4C50-B407-E907D8CB166F}.AppStore|iPhone.Deploy.0 = Release|Any CPU
		{F112B5D0-2D59-4C50-B407-E907D8CB166F}.AppStore|iPhoneSimulator.ActiveCfg = Release|Any CPU
		{F112B5D0-2D59-4C50-B407-E907D8CB166F}.AppStore|iPhoneSimulator.Build.0 = Release|Any CPU
		{F112B5D0-2D59-4C50-B407-E907D8CB166F}.AppStore|iPhoneSimulator.Deploy.0 = Release|Any CPU
		{F112B5D0-2D59-4C50-B407-E907D8CB166F}.AppStore|x64.ActiveCfg = Release|x64
		{F112B5D0-2D59-4C50-B407-E907D8CB166F}.AppStore|x64.Build.0 = Release|x64
		{F112B5D0-2D59-4C50-B407-E907D8CB166F}.AppStore|x64.Deploy.0 = Release|x64
		{F112B5D0-2D59-4C50-B407-E907D8CB166F}.AppStore|x86.ActiveCfg = Release|x86
		{F112B5D0-2D59-4C50-B407-E907D8CB166F}.AppStore|x86.Build.0 = Release|x86
		{F112B5D0-2D59-4C50-B407-E907D8CB166F}.AppStore|x86.Deploy.0 = Release|x86
		{F112B5D0-2D59-4C50-B407-E907D8CB166F}.Debug|Any CPU.ActiveCfg = Debug|Any CPU
		{F112B5D0-2D59-4C50-B407-E907D8CB166F}.Debug|Any CPU.Build.0 = Debug|Any CPU
		{F112B5D0-2D59-4C50-B407-E907D8CB166F}.Debug|Any CPU.Deploy.0 = Debug|Any CPU
		{F112B5D0-2D59-4C50-B407-E907D8CB166F}.Debug|ARM.ActiveCfg = Debug|ARM
		{F112B5D0-2D59-4C50-B407-E907D8CB166F}.Debug|ARM.Build.0 = Debug|ARM
		{F112B5D0-2D59-4C50-B407-E907D8CB166F}.Debug|ARM.Deploy.0 = Debug|ARM
		{F112B5D0-2D59-4C50-B407-E907D8CB166F}.Debug|iPhone.ActiveCfg = Debug|Any CPU
		{F112B5D0-2D59-4C50-B407-E907D8CB166F}.Debug|iPhone.Build.0 = Debug|Any CPU
		{F112B5D0-2D59-4C50-B407-E907D8CB166F}.Debug|iPhone.Deploy.0 = Debug|Any CPU
		{F112B5D0-2D59-4C50-B407-E907D8CB166F}.Debug|iPhoneSimulator.ActiveCfg = Debug|Any CPU
		{F112B5D0-2D59-4C50-B407-E907D8CB166F}.Debug|iPhoneSimulator.Build.0 = Debug|Any CPU
		{F112B5D0-2D59-4C50-B407-E907D8CB166F}.Debug|iPhoneSimulator.Deploy.0 = Debug|Any CPU
		{F112B5D0-2D59-4C50-B407-E907D8CB166F}.Debug|x64.ActiveCfg = Debug|x64
		{F112B5D0-2D59-4C50-B407-E907D8CB166F}.Debug|x64.Build.0 = Debug|x64
		{F112B5D0-2D59-4C50-B407-E907D8CB166F}.Debug|x64.Deploy.0 = Debug|x64
		{F112B5D0-2D59-4C50-B407-E907D8CB166F}.Debug|x86.ActiveCfg = Debug|x86
		{F112B5D0-2D59-4C50-B407-E907D8CB166F}.Debug|x86.Build.0 = Debug|x86
		{F112B5D0-2D59-4C50-B407-E907D8CB166F}.Debug|x86.Deploy.0 = Debug|x86
		{F112B5D0-2D59-4C50-B407-E907D8CB166F}.Release|Any CPU.ActiveCfg = Release|Any CPU
		{F112B5D0-2D59-4C50-B407-E907D8CB166F}.Release|Any CPU.Build.0 = Release|Any CPU
		{F112B5D0-2D59-4C50-B407-E907D8CB166F}.Release|Any CPU.Deploy.0 = Release|Any CPU
		{F112B5D0-2D59-4C50-B407-E907D8CB166F}.Release|ARM.ActiveCfg = Release|ARM
		{F112B5D0-2D59-4C50-B407-E907D8CB166F}.Release|ARM.Build.0 = Release|ARM
		{F112B5D0-2D59-4C50-B407-E907D8CB166F}.Release|ARM.Deploy.0 = Release|ARM
		{F112B5D0-2D59-4C50-B407-E907D8CB166F}.Release|iPhone.ActiveCfg = Release|Any CPU
		{F112B5D0-2D59-4C50-B407-E907D8CB166F}.Release|iPhone.Build.0 = Release|Any CPU
		{F112B5D0-2D59-4C50-B407-E907D8CB166F}.Release|iPhone.Deploy.0 = Release|Any CPU
		{F112B5D0-2D59-4C50-B407-E907D8CB166F}.Release|iPhoneSimulator.ActiveCfg = Release|Any CPU
		{F112B5D0-2D59-4C50-B407-E907D8CB166F}.Release|iPhoneSimulator.Build.0 = Release|Any CPU
		{F112B5D0-2D59-4C50-B407-E907D8CB166F}.Release|iPhoneSimulator.Deploy.0 = Release|Any CPU
		{F112B5D0-2D59-4C50-B407-E907D8CB166F}.Release|x64.ActiveCfg = Release|x64
		{F112B5D0-2D59-4C50-B407-E907D8CB166F}.Release|x64.Build.0 = Release|x64
		{F112B5D0-2D59-4C50-B407-E907D8CB166F}.Release|x64.Deploy.0 = Release|x64
		{F112B5D0-2D59-4C50-B407-E907D8CB166F}.Release|x86.ActiveCfg = Release|x86
		{F112B5D0-2D59-4C50-B407-E907D8CB166F}.Release|x86.Build.0 = Release|x86
		{F112B5D0-2D59-4C50-B407-E907D8CB166F}.Release|x86.Deploy.0 = Release|x86
		{10EE82C0-5DDA-43FB-8921-BF905D30C4B4}.Ad-Hoc|Any CPU.ActiveCfg = Release|Any CPU
		{10EE82C0-5DDA-43FB-8921-BF905D30C4B4}.Ad-Hoc|Any CPU.Build.0 = Release|Any CPU
		{10EE82C0-5DDA-43FB-8921-BF905D30C4B4}.Ad-Hoc|ARM.ActiveCfg = Release|Any CPU
		{10EE82C0-5DDA-43FB-8921-BF905D30C4B4}.Ad-Hoc|ARM.Build.0 = Release|Any CPU
		{10EE82C0-5DDA-43FB-8921-BF905D30C4B4}.Ad-Hoc|iPhone.ActiveCfg = Release|Any CPU
		{10EE82C0-5DDA-43FB-8921-BF905D30C4B4}.Ad-Hoc|iPhone.Build.0 = Release|Any CPU
		{10EE82C0-5DDA-43FB-8921-BF905D30C4B4}.Ad-Hoc|iPhoneSimulator.ActiveCfg = Release|Any CPU
		{10EE82C0-5DDA-43FB-8921-BF905D30C4B4}.Ad-Hoc|iPhoneSimulator.Build.0 = Release|Any CPU
		{10EE82C0-5DDA-43FB-8921-BF905D30C4B4}.Ad-Hoc|x64.ActiveCfg = Release|Any CPU
		{10EE82C0-5DDA-43FB-8921-BF905D30C4B4}.Ad-Hoc|x64.Build.0 = Release|Any CPU
		{10EE82C0-5DDA-43FB-8921-BF905D30C4B4}.Ad-Hoc|x86.ActiveCfg = Release|Any CPU
		{10EE82C0-5DDA-43FB-8921-BF905D30C4B4}.Ad-Hoc|x86.Build.0 = Release|Any CPU
		{10EE82C0-5DDA-43FB-8921-BF905D30C4B4}.AppStore|Any CPU.ActiveCfg = Release|Any CPU
		{10EE82C0-5DDA-43FB-8921-BF905D30C4B4}.AppStore|Any CPU.Build.0 = Release|Any CPU
		{10EE82C0-5DDA-43FB-8921-BF905D30C4B4}.AppStore|ARM.ActiveCfg = Release|Any CPU
		{10EE82C0-5DDA-43FB-8921-BF905D30C4B4}.AppStore|ARM.Build.0 = Release|Any CPU
		{10EE82C0-5DDA-43FB-8921-BF905D30C4B4}.AppStore|iPhone.ActiveCfg = Release|Any CPU
		{10EE82C0-5DDA-43FB-8921-BF905D30C4B4}.AppStore|iPhone.Build.0 = Release|Any CPU
		{10EE82C0-5DDA-43FB-8921-BF905D30C4B4}.AppStore|iPhoneSimulator.ActiveCfg = Release|Any CPU
		{10EE82C0-5DDA-43FB-8921-BF905D30C4B4}.AppStore|iPhoneSimulator.Build.0 = Release|Any CPU
		{10EE82C0-5DDA-43FB-8921-BF905D30C4B4}.AppStore|x64.ActiveCfg = Release|Any CPU
		{10EE82C0-5DDA-43FB-8921-BF905D30C4B4}.AppStore|x64.Build.0 = Release|Any CPU
		{10EE82C0-5DDA-43FB-8921-BF905D30C4B4}.AppStore|x86.ActiveCfg = Release|Any CPU
		{10EE82C0-5DDA-43FB-8921-BF905D30C4B4}.AppStore|x86.Build.0 = Release|Any CPU
		{10EE82C0-5DDA-43FB-8921-BF905D30C4B4}.Debug|Any CPU.ActiveCfg = Debug|Any CPU
		{10EE82C0-5DDA-43FB-8921-BF905D30C4B4}.Debug|Any CPU.Build.0 = Debug|Any CPU
		{10EE82C0-5DDA-43FB-8921-BF905D30C4B4}.Debug|ARM.ActiveCfg = Debug|Any CPU
		{10EE82C0-5DDA-43FB-8921-BF905D30C4B4}.Debug|ARM.Build.0 = Debug|Any CPU
		{10EE82C0-5DDA-43FB-8921-BF905D30C4B4}.Debug|iPhone.ActiveCfg = Debug|Any CPU
		{10EE82C0-5DDA-43FB-8921-BF905D30C4B4}.Debug|iPhone.Build.0 = Debug|Any CPU
		{10EE82C0-5DDA-43FB-8921-BF905D30C4B4}.Debug|iPhoneSimulator.ActiveCfg = Debug|Any CPU
		{10EE82C0-5DDA-43FB-8921-BF905D30C4B4}.Debug|iPhoneSimulator.Build.0 = Debug|Any CPU
		{10EE82C0-5DDA-43FB-8921-BF905D30C4B4}.Debug|x64.ActiveCfg = Debug|Any CPU
		{10EE82C0-5DDA-43FB-8921-BF905D30C4B4}.Debug|x64.Build.0 = Debug|Any CPU
		{10EE82C0-5DDA-43FB-8921-BF905D30C4B4}.Debug|x86.ActiveCfg = Debug|Any CPU
		{10EE82C0-5DDA-43FB-8921-BF905D30C4B4}.Debug|x86.Build.0 = Debug|Any CPU
		{10EE82C0-5DDA-43FB-8921-BF905D30C4B4}.Release|Any CPU.ActiveCfg = Release|Any CPU
		{10EE82C0-5DDA-43FB-8921-BF905D30C4B4}.Release|Any CPU.Build.0 = Release|Any CPU
		{10EE82C0-5DDA-43FB-8921-BF905D30C4B4}.Release|ARM.ActiveCfg = Release|Any CPU
		{10EE82C0-5DDA-43FB-8921-BF905D30C4B4}.Release|ARM.Build.0 = Release|Any CPU
		{10EE82C0-5DDA-43FB-8921-BF905D30C4B4}.Release|iPhone.ActiveCfg = Release|Any CPU
		{10EE82C0-5DDA-43FB-8921-BF905D30C4B4}.Release|iPhone.Build.0 = Release|Any CPU
		{10EE82C0-5DDA-43FB-8921-BF905D30C4B4}.Release|iPhoneSimulator.ActiveCfg = Release|Any CPU
		{10EE82C0-5DDA-43FB-8921-BF905D30C4B4}.Release|iPhoneSimulator.Build.0 = Release|Any CPU
		{10EE82C0-5DDA-43FB-8921-BF905D30C4B4}.Release|x64.ActiveCfg = Release|Any CPU
		{10EE82C0-5DDA-43FB-8921-BF905D30C4B4}.Release|x64.Build.0 = Release|Any CPU
		{10EE82C0-5DDA-43FB-8921-BF905D30C4B4}.Release|x86.ActiveCfg = Release|Any CPU
		{10EE82C0-5DDA-43FB-8921-BF905D30C4B4}.Release|x86.Build.0 = Release|Any CPU
	EndGlobalSection
	GlobalSection(SolutionProperties) = preSolution
		HideSolutionNode = FALSE
	EndGlobalSection
EndGlobal
